# This file is automatically @generated by Poetry 2.1.4 and should not be changed by hand.

[[package]]
name = "avro"
version = "1.12.0"
description = "Avro is a serialization and RPC framework."
optional = false
python-versions = ">=3.7"
groups = ["main"]
files = [
    {file = "avro-1.12.0-py2.py3-none-any.whl", hash = "sha256:9a255c72e1837341dd4f6ff57b2b6f68c0f0cecdef62dd04962e10fd33bec05b"},
    {file = "avro-1.12.0.tar.gz", hash = "sha256:cad9c53b23ceed699c7af6bddced42e2c572fd6b408c257a7d4fc4e8cf2e2d6b"},
]

[package.extras]
snappy = ["python-snappy"]
zstandard = ["zstandard"]

[[package]]
name = "py4j"
version = "0.10.9.9"
description = "Enables Python programs to dynamically access arbitrary Java objects"
optional = false
python-versions = "*"
groups = ["main"]
files = [
    {file = "py4j-0.10.9.9-py2.py3-none-any.whl", hash = "sha256:c7c26e4158defb37b0bb124933163641a2ff6e3a3913f7811b0ddbe07ed61533"},
    {file = "py4j-0.10.9.9.tar.gz", hash = "sha256:f694cad19efa5bd1dee4f3e5270eb406613c974394035e5bfc4ec1aba870b879"},
]

[[package]]
name = "pyspark"
version = "4.0.1"
description = "Apache Spark Python API"
optional = false
python-versions = ">=3.9"
groups = ["main"]
files = [
    {file = "pyspark-4.0.1.tar.gz", hash = "sha256:9d1f22d994f60369228397e3479003ffe2dd736ba79165003246ff7bd48e2c73"},
]

[package.dependencies]
py4j = "0.10.9.9"

[package.extras]
connect = ["googleapis-common-protos (>=1.65.0)", "grpcio (>=1.67.0)", "grpcio-status (>=1.67.0)", "numpy (>=1.21)", "pandas (>=2.0.0)", "pyarrow (>=11.0.0)"]
ml = ["numpy (>=1.21)"]
mllib = ["numpy (>=1.21)"]
pandas-on-spark = ["numpy (>=1.21)", "pandas (>=2.0.0)", "pyarrow (>=11.0.0)"]
sql = ["numpy (>=1.21)", "pandas (>=2.0.0)", "pyarrow (>=11.0.0)"]

[[package]]
name = "python-dotenv"
version = "1.1.1"
description = "Read key-value pairs from a .env file and set them as environment variables"
optional = false
python-versions = ">=3.9"
groups = ["main"]
files = [
    {file = "python_dotenv-1.1.1-py3-none-any.whl", hash = "sha256:31f23644fe2602f88ff55e1f5c79ba497e01224ee7737937930c448e4d0e24dc"},
    {file = "python_dotenv-1.1.1.tar.gz", hash = "sha256:a8a6399716257f45be6a007360200409fce5cda2661e3dec71d23dc15f6189ab"},
]

[package.extras]
cli = ["click (>=5.0)"]

[metadata]
lock-version = "2.1"
python-versions = ">=3.12"
content-hash = "df66e874cf58522a63568ffc1769b6fa0a4dd3f20e87fea17486a28d2329ad6b"
